// !$*UTF8*$!
{
	archiveVersion = 1;
	classes = {
	};
	objectVersion = 46;
	objects = {

/* Begin PBXBuildFile section */
		632256711B0E10D100D10817 /* main.m in Sources */ = {isa = PBXBuildFile; fileRef = 632256701B0E10D100D10817 /* main.m */; };
		632256741B0E10D100D10817 /* AppDelegate.m in Sources */ = {isa = PBXBuildFile; fileRef = 632256731B0E10D100D10817 /* AppDelegate.m */; };
		632256771B0E10D100D10817 /* ViewController.m in Sources */ = {isa = PBXBuildFile; fileRef = 632256761B0E10D100D10817 /* ViewController.m */; };
		6322567A1B0E10D100D10817 /* Main.storyboard in Resources */ = {isa = PBXBuildFile; fileRef = 632256781B0E10D100D10817 /* Main.storyboard */; };
		6322567C1B0E10D100D10817 /* Images.xcassets in Resources */ = {isa = PBXBuildFile; fileRef = 6322567B1B0E10D100D10817 /* Images.xcassets */; };
		6322567F1B0E10D100D10817 /* LaunchScreen.xib in Resources */ = {isa = PBXBuildFile; fileRef = 6322567D1B0E10D100D10817 /* LaunchScreen.xib */; };
		6322568B1B0E10D100D10817 /* likeTests.m in Sources */ = {isa = PBXBuildFile; fileRef = 6322568A1B0E10D100D10817 /* likeTests.m */; };
		9ACAE78879C2194B489B9D5A /* libPods-like.a in Frameworks */ = {isa = PBXBuildFile; fileRef = A979D4D865537226B1455EA9 /* libPods-like.a */; };
		F64A1F7AEFE5389F5FDB362B /* libPods-likeTests.a in Frameworks */ = {isa = PBXBuildFile; fileRef = E4925A4D07F0BFCA3304237D /* libPods-likeTests.a */; };
/* End PBXBuildFile section */

/* Begin PBXContainerItemProxy section */
		632256851B0E10D100D10817 /* PBXContainerItemProxy */ = {
			isa = PBXContainerItemProxy;
			containerPortal = 632256631B0E10D100D10817 /* Project object */;
			proxyType = 1;
			remoteGlobalIDString = 6322566A1B0E10D100D10817;
			remoteInfo = like;
		};
/* End PBXContainerItemProxy section */

/* Begin PBXFileReference section */
		0BE0FC40C90E3A76F4D23AFD /* Pods-like.release.xcconfig */ = {isa = PBXFileReference; includeInIndex = 1; lastKnownFileType = text.xcconfig; name = "Pods-like.release.xcconfig"; path = "Pods/Target Support Files/Pods-like/Pods-like.release.xcconfig"; sourceTree = "<group>"; };
		3FC3E7D2321B611B7CA1F69D /* Pods-likeTests.release.xcconfig */ = {isa = PBXFileReference; includeInIndex = 1; lastKnownFileType = text.xcconfig; name = "Pods-likeTests.release.xcconfig"; path = "Pods/Target Support Files/Pods-likeTests/Pods-likeTests.release.xcconfig"; sourceTree = "<group>"; };
		467364C9A6D3BB457EB77F3C /* Pods-like.debug.xcconfig */ = {isa = PBXFileReference; includeInIndex = 1; lastKnownFileType = text.xcconfig; name = "Pods-like.debug.xcconfig"; path = "Pods/Target Support Files/Pods-like/Pods-like.debug.xcconfig"; sourceTree = "<group>"; };
		6322566B1B0E10D100D10817 /* like.app */ = {isa = PBXFileReference; explicitFileType = wrapper.application; includeInIndex = 0; path = like.app; sourceTree = BUILT_PRODUCTS_DIR; };
		6322566F1B0E10D100D10817 /* Info.plist */ = {isa = PBXFileReference; lastKnownFileType = text.plist.xml; path = Info.plist; sourceTree = "<group>"; };
		632256701B0E10D100D10817 /* main.m */ = {isa = PBXFileReference; lastKnownFileType = sourcecode.c.objc; path = main.m; sourceTree = "<group>"; };
		632256721B0E10D100D10817 /* AppDelegate.h */ = {isa = PBXFileReference; lastKnownFileType = sourcecode.c.h; path = AppDelegate.h; sourceTree = "<group>"; };
		632256731B0E10D100D10817 /* AppDelegate.m */ = {isa = PBXFileReference; lastKnownFileType = sourcecode.c.objc; path = AppDelegate.m; sourceTree = "<group>"; };
		632256751B0E10D100D10817 /* ViewController.h */ = {isa = PBXFileReference; lastKnownFileType = sourcecode.c.h; path = ViewController.h; sourceTree = "<group>"; };
		632256761B0E10D100D10817 /* ViewController.m */ = {isa = PBXFileReference; lastKnownFileType = sourcecode.c.objc; path = ViewController.m; sourceTree = "<group>"; };
		632256791B0E10D100D10817 /* Base */ = {isa = PBXFileReference; lastKnownFileType = file.storyboard; name = Base; path = Base.lproj/Main.storyboard; sourceTree = "<group>"; };
		6322567B1B0E10D100D10817 /* Images.xcassets */ = {isa = PBXFileReference; lastKnownFileType = folder.assetcatalog; path = Images.xcassets; sourceTree = "<group>"; };
		6322567E1B0E10D100D10817 /* Base */ = {isa = PBXFileReference; lastKnownFileType = file.xib; name = Base; path = Base.lproj/LaunchScreen.xib; sourceTree = "<group>"; };
		632256841B0E10D100D10817 /* likeTests.xctest */ = {isa = PBXFileReference; explicitFileType = wrapper.cfbundle; includeInIndex = 0; path = likeTests.xctest; sourceTree = BUILT_PRODUCTS_DIR; };
		632256891B0E10D100D10817 /* Info.plist */ = {isa = PBXFileReference; lastKnownFileType = text.plist.xml; path = Info.plist; sourceTree = "<group>"; };
		6322568A1B0E10D100D10817 /* likeTests.m */ = {isa = PBXFileReference; lastKnownFileType = sourcecode.c.objc; path = likeTests.m; sourceTree = "<group>"; };
		7FC1AF0E053AD386E334AC50 /* Pods-likeTests.debug.xcconfig */ = {isa = PBXFileReference; includeInIndex = 1; lastKnownFileType = text.xcconfig; name = "Pods-likeTests.debug.xcconfig"; path = "Pods/Target Support Files/Pods-likeTests/Pods-likeTests.debug.xcconfig"; sourceTree = "<group>"; };
		A979D4D865537226B1455EA9 /* libPods-like.a */ = {isa = PBXFileReference; explicitFileType = archive.ar; includeInIndex = 0; path = "libPods-like.a"; sourceTree = BUILT_PRODUCTS_DIR; };
		E4925A4D07F0BFCA3304237D /* libPods-likeTests.a */ = {isa = PBXFileReference; explicitFileType = archive.ar; includeInIndex = 0; path = "libPods-likeTests.a"; sourceTree = BUILT_PRODUCTS_DIR; };
/* End PBXFileReference section */

/* Begin PBXFrameworksBuildPhase section */
		632256681B0E10D100D10817 /* Frameworks */ = {
			isa = PBXFrameworksBuildPhase;
			buildActionMask = 2147483647;
			files = (
				9ACAE78879C2194B489B9D5A /* libPods-like.a in Frameworks */,
			);
			runOnlyForDeploymentPostprocessing = 0;
		};
		632256811B0E10D100D10817 /* Frameworks */ = {
			isa = PBXFrameworksBuildPhase;
			buildActionMask = 2147483647;
			files = (
				F64A1F7AEFE5389F5FDB362B /* libPods-likeTests.a in Frameworks */,
			);
			runOnlyForDeploymentPostprocessing = 0;
		};
/* End PBXFrameworksBuildPhase section */

/* Begin PBXGroup section */
		632256621B0E10D100D10817 = {
			isa = PBXGroup;
			children = (
				6322566D1B0E10D100D10817 /* like */,
				632256871B0E10D100D10817 /* likeTests */,
				6322566C1B0E10D100D10817 /* Products */,
				947A3FF8C71BE3BBD9A51437 /* Pods */,
				B4C918CDE375818762F17A94 /* Frameworks */,
			);
			sourceTree = "<group>";
		};
		6322566C1B0E10D100D10817 /* Products */ = {
			isa = PBXGroup;
			children = (
				6322566B1B0E10D100D10817 /* like.app */,
				632256841B0E10D100D10817 /* likeTests.xctest */,
			);
			name = Products;
			sourceTree = "<group>";
		};
		6322566D1B0E10D100D10817 /* like */ = {
			isa = PBXGroup;
			children = (
				632256721B0E10D100D10817 /* AppDelegate.h */,
				632256731B0E10D100D10817 /* AppDelegate.m */,
				632256751B0E10D100D10817 /* ViewController.h */,
				632256761B0E10D100D10817 /* ViewController.m */,
				632256781B0E10D100D10817 /* Main.storyboard */,
				6322567B1B0E10D100D10817 /* Images.xcassets */,
				6322567D1B0E10D100D10817 /* LaunchScreen.xib */,
				6322566E1B0E10D100D10817 /* Supporting Files */,
			);
			path = like;
			sourceTree = "<group>";
		};
		6322566E1B0E10D100D10817 /* Supporting Files */ = {
			isa = PBXGroup;
			children = (
				6322566F1B0E10D100D10817 /* Info.plist */,
				632256701B0E10D100D10817 /* main.m */,
			);
			name = "Supporting Files";
			sourceTree = "<group>";
		};
		632256871B0E10D100D10817 /* likeTests */ = {
			isa = PBXGroup;
			children = (
				6322568A1B0E10D100D10817 /* likeTests.m */,
				632256881B0E10D100D10817 /* Supporting Files */,
			);
			path = likeTests;
			sourceTree = "<group>";
		};
		632256881B0E10D100D10817 /* Supporting Files */ = {
			isa = PBXGroup;
			children = (
				632256891B0E10D100D10817 /* Info.plist */,
			);
			name = "Supporting Files";
			sourceTree = "<group>";
		};
		947A3FF8C71BE3BBD9A51437 /* Pods */ = {
			isa = PBXGroup;
			children = (
				467364C9A6D3BB457EB77F3C /* Pods-like.debug.xcconfig */,
				0BE0FC40C90E3A76F4D23AFD /* Pods-like.release.xcconfig */,
				7FC1AF0E053AD386E334AC50 /* Pods-likeTests.debug.xcconfig */,
				3FC3E7D2321B611B7CA1F69D /* Pods-likeTests.release.xcconfig */,
			);
			name = Pods;
			sourceTree = "<group>";
		};
		B4C918CDE375818762F17A94 /* Frameworks */ = {
			isa = PBXGroup;
			children = (
				A979D4D865537226B1455EA9 /* libPods-like.a */,
				E4925A4D07F0BFCA3304237D /* libPods-likeTests.a */,
			);
			name = Frameworks;
			sourceTree = "<group>";
		};
/* End PBXGroup section */

/* Begin PBXNativeTarget section */
		6322566A1B0E10D100D10817 /* like */ = {
			isa = PBXNativeTarget;
			buildConfigurationList = 6322568E1B0E10D100D10817 /* Build configuration list for PBXNativeTarget "like" */;
			buildPhases = (
				8D48B7C0D427C2DE4787C391 /* Check Pods Manifest.lock */,
				632256671B0E10D100D10817 /* Sources */,
				632256681B0E10D100D10817 /* Frameworks */,
				632256691B0E10D100D10817 /* Resources */,
				B6C0A8C5BFE8B4A5CE994903 /* Copy Pods Resources */,
				6305E79A1B1488EC0050A6F4 /* ShellScript */,
			);
			buildRules = (
			);
			dependencies = (
			);
			name = like;
			productName = like;
			productReference = 6322566B1B0E10D100D10817 /* like.app */;
			productType = "com.apple.product-type.application";
		};
		632256831B0E10D100D10817 /* likeTests */ = {
			isa = PBXNativeTarget;
			buildConfigurationList = 632256911B0E10D100D10817 /* Build configuration list for PBXNativeTarget "likeTests" */;
			buildPhases = (
				4DE1042D4DFCF476C371FCA8 /* Check Pods Manifest.lock */,
				632256801B0E10D100D10817 /* Sources */,
				632256811B0E10D100D10817 /* Frameworks */,
				632256821B0E10D100D10817 /* Resources */,
				69F101293F552C23CE7B95B7 /* Copy Pods Resources */,
			);
			buildRules = (
			);
			dependencies = (
				632256861B0E10D100D10817 /* PBXTargetDependency */,
			);
			name = likeTests;
			productName = likeTests;
			productReference = 632256841B0E10D100D10817 /* likeTests.xctest */;
			productType = "com.apple.product-type.bundle.unit-test";
		};
/* End PBXNativeTarget section */

/* Begin PBXProject section */
		632256631B0E10D100D10817 /* Project object */ = {
			isa = PBXProject;
			attributes = {
				LastUpgradeCheck = 0630;
				ORGANIZATIONNAME = "LIKE Technology";
				TargetAttributes = {
					6322566A1B0E10D100D10817 = {
						CreatedOnToolsVersion = 6.3.1;
						DevelopmentTeam = QBM2VMRGC7;
					};
					632256831B0E10D100D10817 = {
						CreatedOnToolsVersion = 6.3.1;
						TestTargetID = 6322566A1B0E10D100D10817;
					};
				};
			};
			buildConfigurationList = 632256661B0E10D100D10817 /* Build configuration list for PBXProject "like" */;
			compatibilityVersion = "Xcode 3.2";
			developmentRegion = English;
			hasScannedForEncodings = 0;
			knownRegions = (
				en,
				Base,
			);
			mainGroup = 632256621B0E10D100D10817;
			productRefGroup = 6322566C1B0E10D100D10817 /* Products */;
			projectDirPath = "";
			projectRoot = "";
			targets = (
				6322566A1B0E10D100D10817 /* like */,
				632256831B0E10D100D10817 /* likeTests */,
			);
		};
/* End PBXProject section */

/* Begin PBXResourcesBuildPhase section */
		632256691B0E10D100D10817 /* Resources */ = {
			isa = PBXResourcesBuildPhase;
			buildActionMask = 2147483647;
			files = (
				6322567A1B0E10D100D10817 /* Main.storyboard in Resources */,
				6322567F1B0E10D100D10817 /* LaunchScreen.xib in Resources */,
				6322567C1B0E10D100D10817 /* Images.xcassets in Resources */,
			);
			runOnlyForDeploymentPostprocessing = 0;
		};
		632256821B0E10D100D10817 /* Resources */ = {
			isa = PBXResourcesBuildPhase;
			buildActionMask = 2147483647;
			files = (
			);
			runOnlyForDeploymentPostprocessing = 0;
		};
/* End PBXResourcesBuildPhase section */

/* Begin PBXShellScriptBuildPhase section */
		4DE1042D4DFCF476C371FCA8 /* Check Pods Manifest.lock */ = {
			isa = PBXShellScriptBuildPhase;
			buildActionMask = 2147483647;
			files = (
			);
			inputPaths = (
			);
			name = "Check Pods Manifest.lock";
			outputPaths = (
			);
			runOnlyForDeploymentPostprocessing = 0;
			shellPath = /bin/sh;
			shellScript = "diff \"${PODS_ROOT}/../Podfile.lock\" \"${PODS_ROOT}/Manifest.lock\" > /dev/null\nif [[ $? != 0 ]] ; then\n    cat << EOM\nerror: The sandbox is not in sync with the Podfile.lock. Run 'pod install' or update your CocoaPods installation.\nEOM\n    exit 1\nfi\n";
			showEnvVarsInLog = 0;
		};
		6305E79A1B1488EC0050A6F4 /* ShellScript */ = {
			isa = PBXShellScriptBuildPhase;
			buildActionMask = 2147483647;
			files = (
			);
			inputPaths = (
			);
			outputPaths = (
			);
			runOnlyForDeploymentPostprocessing = 0;
			shellPath = /bin/sh;
			shellScript = "FILE=\"${SRCROOT}/HockeySDK-iOS/BuildAgent\"\nif [ -f \"$FILE\" ]; then\n\"$FILE\"\nfi";
		};
		69F101293F552C23CE7B95B7 /* Copy Pods Resources */ = {
			isa = PBXShellScriptBuildPhase;
			buildActionMask = 2147483647;
			files = (
			);
			inputPaths = (
			);
			name = "Copy Pods Resources";
			outputPaths = (
			);
			runOnlyForDeploymentPostprocessing = 0;
			shellPath = /bin/sh;
			shellScript = "\"${SRCROOT}/Pods/Target Support Files/Pods-likeTests/Pods-likeTests-resources.sh\"\n";
			showEnvVarsInLog = 0;
		};
		8D48B7C0D427C2DE4787C391 /* Check Pods Manifest.lock */ = {
			isa = PBXShellScriptBuildPhase;
			buildActionMask = 2147483647;
			files = (
			);
			inputPaths = (
			);
			name = "Check Pods Manifest.lock";
			outputPaths = (
			);
			runOnlyForDeploymentPostprocessing = 0;
			shellPath = /bin/sh;
			shellScript = "diff \"${PODS_ROOT}/../Podfile.lock\" \"${PODS_ROOT}/Manifest.lock\" > /dev/null\nif [[ $? != 0 ]] ; then\n    cat << EOM\nerror: The sandbox is not in sync with the Podfile.lock. Run 'pod install' or update your CocoaPods installation.\nEOM\n    exit 1\nfi\n";
			showEnvVarsInLog = 0;
		};
		B6C0A8C5BFE8B4A5CE994903 /* Copy Pods Resources */ = {
			isa = PBXShellScriptBuildPhase;
			buildActionMask = 2147483647;
			files = (
			);
			inputPaths = (
			);
			name = "Copy Pods Resources";
			outputPaths = (
			);
			runOnlyForDeploymentPostprocessing = 0;
			shellPath = /bin/sh;
			shellScript = "\"${SRCROOT}/Pods/Target Support Files/Pods-like/Pods-like-resources.sh\"\n";
			showEnvVarsInLog = 0;
		};
/* End PBXShellScriptBuildPhase section */

/* Begin PBXSourcesBuildPhase section */
		632256671B0E10D100D10817 /* Sources */ = {
			isa = PBXSourcesBuildPhase;
			buildActionMask = 2147483647;
			files = (
				632256771B0E10D100D10817 /* ViewController.m in Sources */,
				632256741B0E10D100D10817 /* AppDelegate.m in Sources */,
				632256711B0E10D100D10817 /* main.m in Sources */,
			);
			runOnlyForDeploymentPostprocessing = 0;
		};
		632256801B0E10D100D10817 /* Sources */ = {
			isa = PBXSourcesBuildPhase;
			buildActionMask = 2147483647;
			files = (
				6322568B1B0E10D100D10817 /* likeTests.m in Sources */,
			);
			runOnlyForDeploymentPostprocessing = 0;
		};
/* End PBXSourcesBuildPhase section */

/* Begin PBXTargetDependency section */
		632256861B0E10D100D10817 /* PBXTargetDependency */ = {
			isa = PBXTargetDependency;
			target = 6322566A1B0E10D100D10817 /* like */;
			targetProxy = 632256851B0E10D100D10817 /* PBXContainerItemProxy */;
		};
/* End PBXTargetDependency section */

/* Begin PBXVariantGroup section */
		632256781B0E10D100D10817 /* Main.storyboard */ = {
			isa = PBXVariantGroup;
			children = (
				632256791B0E10D100D10817 /* Base */,
			);
			name = Main.storyboard;
			sourceTree = "<group>";
		};
		6322567D1B0E10D100D10817 /* LaunchScreen.xib */ = {
			isa = PBXVariantGroup;
			children = (
				6322567E1B0E10D100D10817 /* Base */,
			);
			name = LaunchScreen.xib;
			sourceTree = "<group>";
		};
/* End PBXVariantGroup section */

/* Begin XCBuildConfiguration section */
		6322568C1B0E10D100D10817 /* Debug */ = {
			isa = XCBuildConfiguration;
			buildSettings = {
				ALWAYS_SEARCH_USER_PATHS = NO;
				CLANG_CXX_LANGUAGE_STANDARD = "gnu++0x";
				CLANG_CXX_LIBRARY = "libc++";
				CLANG_ENABLE_MODULES = YES;
				CLANG_ENABLE_OBJC_ARC = YES;
				CLANG_WARN_BOOL_CONVERSION = YES;
				CLANG_WARN_CONSTANT_CONVERSION = YES;
				CLANG_WARN_DIRECT_OBJC_ISA_USAGE = YES_ERROR;
				CLANG_WARN_EMPTY_BODY = YES;
				CLANG_WARN_ENUM_CONVERSION = YES;
				CLANG_WARN_INT_CONVERSION = YES;
				CLANG_WARN_OBJC_ROOT_CLASS = YES_ERROR;
				CLANG_WARN_UNREACHABLE_CODE = YES;
				CLANG_WARN__DUPLICATE_METHOD_MATCH = YES;
				"CODE_SIGN_IDENTITY[sdk=iphoneos*]" = "iPhone Developer";
				COPY_PHASE_STRIP = NO;
				DEBUG_INFORMATION_FORMAT = "dwarf-with-dsym";
				ENABLE_STRICT_OBJC_MSGSEND = YES;
				GCC_C_LANGUAGE_STANDARD = gnu99;
				GCC_DYNAMIC_NO_PIC = NO;
				GCC_NO_COMMON_BLOCKS = YES;
				GCC_OPTIMIZATION_LEVEL = 0;
				GCC_PREPROCESSOR_DEFINITIONS = (
					"DEBUG=1",
					"$(inherited)",
				);
				GCC_SYMBOLS_PRIVATE_EXTERN = NO;
				GCC_WARN_64_TO_32_BIT_CONVERSION = YES;
				GCC_WARN_ABOUT_RETURN_TYPE = YES_ERROR;
				GCC_WARN_UNDECLARED_SELECTOR = YES;
				GCC_WARN_UNINITIALIZED_AUTOS = YES_AGGRESSIVE;
				GCC_WARN_UNUSED_FUNCTION = YES;
				GCC_WARN_UNUSED_VARIABLE = YES;
				IPHONEOS_DEPLOYMENT_TARGET = 8.3;
				MTL_ENABLE_DEBUG_INFO = YES;
				ONLY_ACTIVE_ARCH = YES;
				SDKROOT = iphoneos;
				TARGETED_DEVICE_FAMILY = "1,2";
			};
			name = Debug;
		};
		6322568D1B0E10D100D10817 /* Release */ = {
			isa = XCBuildConfiguration;
			buildSettings = {
				ALWAYS_SEARCH_USER_PATHS = NO;
				CLANG_CXX_LANGUAGE_STANDARD = "gnu++0x";
				CLANG_CXX_LIBRARY = "libc++";
				CLANG_ENABLE_MODULES = YES;
				CLANG_ENABLE_OBJC_ARC = YES;
				CLANG_WARN_BOOL_CONVERSION = YES;
				CLANG_WARN_CONSTANT_CONVERSION = YES;
				CLANG_WARN_DIRECT_OBJC_ISA_USAGE = YES_ERROR;
				CLANG_WARN_EMPTY_BODY = YES;
				CLANG_WARN_ENUM_CONVERSION = YES;
				CLANG_WARN_INT_CONVERSION = YES;
				CLANG_WARN_OBJC_ROOT_CLASS = YES_ERROR;
				CLANG_WARN_UNREACHABLE_CODE = YES;
				CLANG_WARN__DUPLICATE_METHOD_MATCH = YES;
				"CODE_SIGN_IDENTITY[sdk=iphoneos*]" = "iPhone Developer";
				COPY_PHASE_STRIP = NO;
				DEBUG_INFORMATION_FORMAT = "dwarf-with-dsym";
				ENABLE_NS_ASSERTIONS = NO;
				ENABLE_STRICT_OBJC_MSGSEND = YES;
				GCC_C_LANGUAGE_STANDARD = gnu99;
				GCC_NO_COMMON_BLOCKS = YES;
				GCC_WARN_64_TO_32_BIT_CONVERSION = YES;
				GCC_WARN_ABOUT_RETURN_TYPE = YES_ERROR;
				GCC_WARN_UNDECLARED_SELECTOR = YES;
				GCC_WARN_UNINITIALIZED_AUTOS = YES_AGGRESSIVE;
				GCC_WARN_UNUSED_FUNCTION = YES;
				GCC_WARN_UNUSED_VARIABLE = YES;
				IPHONEOS_DEPLOYMENT_TARGET = 8.3;
				MTL_ENABLE_DEBUG_INFO = NO;
				SDKROOT = iphoneos;
				TARGETED_DEVICE_FAMILY = "1,2";
				VALIDATE_PRODUCT = YES;
			};
			name = Release;
		};
		6322568F1B0E10D100D10817 /* Debug */ = {
			isa = XCBuildConfiguration;
			baseConfigurationReference = 467364C9A6D3BB457EB77F3C /* Pods-like.debug.xcconfig */;
			buildSettings = {
				ASSETCATALOG_COMPILER_APPICON_NAME = AppIcon;
				ASSETCATALOG_COMPILER_LAUNCHIMAGE_NAME = LaunchImage;
				CODE_SIGN_IDENTITY = "iPhone Developer";
				INFOPLIST_FILE = like/Info.plist;
				IPHONEOS_DEPLOYMENT_TARGET = 7.0;
				LD_RUNPATH_SEARCH_PATHS = "$(inherited) @executable_path/Frameworks";
				PRODUCT_NAME = "$(TARGET_NAME)";
			};
			name = Debug;
		};
		632256901B0E10D100D10817 /* Release */ = {
			isa = XCBuildConfiguration;
			baseConfigurationReference = 0BE0FC40C90E3A76F4D23AFD /* Pods-like.release.xcconfig */;
			buildSettings = {
				ASSETCATALOG_COMPILER_APPICON_NAME = AppIcon;
				ASSETCATALOG_COMPILER_LAUNCHIMAGE_NAME = LaunchImage;
				CODE_SIGN_IDENTITY = "iPhone Developer";
				INFOPLIST_FILE = like/Info.plist;
				IPHONEOS_DEPLOYMENT_TARGET = 7.0;
				LD_RUNPATH_SEARCH_PATHS = "$(inherited) @executable_path/Frameworks";
				PRODUCT_NAME = "$(TARGET_NAME)";
			};
			name = Release;
		};
		632256921B0E10D100D10817 /* Debug */ = {
			isa = XCBuildConfiguration;
			baseConfigurationReference = 7FC1AF0E053AD386E334AC50 /* Pods-likeTests.debug.xcconfig */;
			buildSettings = {
				BUNDLE_LOADER = "$(TEST_HOST)";
				FRAMEWORK_SEARCH_PATHS = (
					"$(SDKROOT)/Developer/Library/Frameworks",
					"$(inherited)",
				);
				GCC_PREPROCESSOR_DEFINITIONS = (
					"DEBUG=1",
					"$(inherited)",
				);
				INFOPLIST_FILE = likeTests/Info.plist;
				LD_RUNPATH_SEARCH_PATHS = "$(inherited) @executable_path/Frameworks @loader_path/Frameworks";
				PRODUCT_NAME = "$(TARGET_NAME)";
				TEST_HOST = "$(BUILT_PRODUCTS_DIR)/like.app/like";
			};
			name = Debug;
		};
		632256931B0E10D100D10817 /* Release */ = {
			isa = XCBuildConfiguration;
			baseConfigurationReference = 3FC3E7D2321B611B7CA1F69D /* Pods-likeTests.release.xcconfig */;
			buildSettings = {
				BUNDLE_LOADER = "$(TEST_HOST)";
				FRAMEWORK_SEARCH_PATHS = (
					"$(SDKROOT)/Developer/Library/Frameworks",
					"$(inherited)",
				);
				INFOPLIST_FILE = likeTests/Info.plist;
				LD_RUNPATH_SEARCH_PATHS = "$(inherited) @executable_path/Frameworks @loader_path/Frameworks";
				PRODUCT_NAME = "$(TARGET_NAME)";
				TEST_HOST = "$(BUILT_PRODUCTS_DIR)/like.app/like";
			};
			name = Release;
		};
/* End XCBuildConfiguration section */

/* Begin XCConfigurationList section */
		632256661B0E10D100D10817 /* Build configuration list for PBXProject "like" */ = {
			isa = XCConfigurationList;
			buildConfigurations = (
				6322568C1B0E10D100D10817 /* Debug */,
				6322568D1B0E10D100D10817 /* Release */,
			);
			defaultConfigurationIsVisible = 0;
			defaultConfigurationName = Release;
		};
		6322568E1B0E10D100D10817 /* Build configuration list for PBXNativeTarget "like" */ = {
			isa = XCConfigurationList;
			buildConfigurations = (
				6322568F1B0E10D100D10817 /* Debug */,
				632256901B0E10D100D10817 /* Release */,
			);
			defaultConfigurationIsVisible = 0;
			defaultConfigurationName = Release;
		};
		632256911B0E10D100D10817 /* Build configuration list for PBXNativeTarget "likeTests" */ = {
			isa = XCConfigurationList;
			buildConfigurations = (
				632256921B0E10D100D10817 /* Debug */,
				632256931B0E10D100D10817 /* Release */,
			);
			defaultConfigurationIsVisible = 0;
			defaultConfigurationName = Release;
		};
/* End XCConfigurationList section */
	};
	rootObject = 632256631B0E10D100D10817 /* Project object */;
}
